{
  "name": "opendds",
  "version": "0.3.0",
  "lockfileVersion": 2,
  "requires": true,
  "packages": {
    "": {
      "name": "opendds",
      "version": "0.3.0",
      "hasInstallScript": true,
      "license": "BSD-3-Clause",
      "dependencies": {
        "nan": "^2.19.0"
      }
    },
    "node_modules/nan": {
      "version": "2.20.0",
      "resolved": "https://registry.npmjs.org/nan/-/nan-2.20.0.tgz",
      "integrity": "sha512-bk3gXBZDGILuuo/6sKtr0DQmSThYHLtNCdSdXk9YkxD/jK6X2vmCyyXBBxyqZ4XcnzTyYEAThfX3DCEnLf6igw=="
    }
  },
  "dependencies": {
    "nan": {
      "version": "2.20.0",
      "resolved": "https://registry.npmjs.org/nan/-/nan-2.20.0.tgz",
      "integrity": "sha512-bk3gXBZDGILuuo/6sKtr0DQmSThYHLtNCdSdXk9YkxD/jK6X2vmCyyXBBxyqZ4XcnzTyYEAThfX3DCEnLf6igw=="
    }
  }
}
